
Microsoft Visual Studio Solution File, Format Version 12.00
# Visual Studio Version 16
VisualStudioVersion = 16.0.31112.23
MinimumVisualStudioVersion = 10.0.40219.1
Project("{FAE04EC0-301F-11D3-BF4B-00C04F79EFBC}") = "1.TwoSum", "1.TwoSum\1.TwoSum.csproj", "{F9949E32-605A-4C56-944F-F0E24E5B23A6}"
EndProject
Global
	GlobalSection(SolutionConfigurationPlatforms) = preSolution
		Debug|Any CPU = Debug|Any CPU
		Release|Any CPU = Release|Any CPU
	EndGlobalSection
	GlobalSection(ProjectConfigurationPlatforms) = postSolution
		{F9949E32-605A-4C56-944F-F0E24E5B23A6}.Debug|Any CPU.ActiveCfg = Debug|Any CPU
		{F9949E32-605A-4C56-944F-F0E24E5B23A6}.Debug|Any CPU.Build.0 = Debug|Any CPU
		{F9949E32-605A-4C56-944F-F0E24E5B23A6}.Release|Any CPU.ActiveCfg = Release|Any CPU
		{F9949E32-605A-4C56-944F-F0E24E5B23A6}.Release|Any CPU.Build.0 = Release|Any CPU
	EndGlobalSection
	GlobalSection(SolutionProperties) = preSolution
		HideSolutionNode = FALSE
	EndGlobalSection
	GlobalSection(ExtensibilityGlobals) = postSolution
		SolutionGuid = {4FA734A7-3E21-472A-86D0-53EC601DDD52}
	EndGlobalSection
EndGlobal
